
Microsoft Visual Studio Solution File, Format Version 12.00
# Visual Studio 14
VisualStudioVersion = 14.0.23107.0
MinimumVisualStudioVersion = 10.0.40219.1
Project("{2150E333-8FDC-42A3-9474-1A3956D46DE8}") = "0 - UI", "0 - UI", "{56503022-100F-405B-B52A-34DBCD3B917D}"
EndProject
Project("{2150E333-8FDC-42A3-9474-1A3956D46DE8}") = "2 - Domain", "2 - Domain", "{1F3F53C5-2556-44C2-8D88-4B50D738F90A}"
EndProject
Project("{2150E333-8FDC-42A3-9474-1A3956D46DE8}") = "3 - Infrastructure", "3 - Infrastructure", "{E2CD9D63-731B-46C9-B823-0F9E4E5CD833}"
EndProject
Project("{2150E333-8FDC-42A3-9474-1A3956D46DE8}") = "1 - Application", "1 - Application", "{5145D197-BBD4-48C2-B1E2-7DDC7632618A}"
EndProject
Project("{FAE04EC0-301F-11D3-BF4B-00C04F79EFBC}") = "Domain.Domain", "Domain.Domain\Domain.Domain.csproj", "{BD60DCEC-373C-4D12-B9C5-1546EE5EF77F}"
EndProject
Project("{FAE04EC0-301F-11D3-BF4B-00C04F79EFBC}") = "Infrastructure.Data", "Infrastructure.Data\Infrastructure.Data.csproj", "{DD734573-AC32-4A57-93C5-5222865D391A}"
EndProject
Project("{FAE04EC0-301F-11D3-BF4B-00C04F79EFBC}") = "UI.Main", "UI.Main\UI.Main.csproj", "{4759C784-A826-4AAE-98A2-9AEBE2D9BD81}"
EndProject
Project("{FAE04EC0-301F-11D3-BF4B-00C04F79EFBC}") = "Appplication", "Appplication.Services\Appplication.csproj", "{0DA94C03-B897-4485-802A-A2699D041179}"
EndProject
Global
	GlobalSection(SolutionConfigurationPlatforms) = preSolution
		Debug|Any CPU = Debug|Any CPU
		Release|Any CPU = Release|Any CPU
	EndGlobalSection
	GlobalSection(ProjectConfigurationPlatforms) = postSolution
		{BD60DCEC-373C-4D12-B9C5-1546EE5EF77F}.Debug|Any CPU.ActiveCfg = Debug|Any CPU
		{BD60DCEC-373C-4D12-B9C5-1546EE5EF77F}.Debug|Any CPU.Build.0 = Debug|Any CPU
		{BD60DCEC-373C-4D12-B9C5-1546EE5EF77F}.Release|Any CPU.ActiveCfg = Release|Any CPU
		{BD60DCEC-373C-4D12-B9C5-1546EE5EF77F}.Release|Any CPU.Build.0 = Release|Any CPU
		{DD734573-AC32-4A57-93C5-5222865D391A}.Debug|Any CPU.ActiveCfg = Debug|Any CPU
		{DD734573-AC32-4A57-93C5-5222865D391A}.Debug|Any CPU.Build.0 = Debug|Any CPU
		{DD734573-AC32-4A57-93C5-5222865D391A}.Release|Any CPU.ActiveCfg = Release|Any CPU
		{DD734573-AC32-4A57-93C5-5222865D391A}.Release|Any CPU.Build.0 = Release|Any CPU
		{4759C784-A826-4AAE-98A2-9AEBE2D9BD81}.Debug|Any CPU.ActiveCfg = Debug|Any CPU
		{4759C784-A826-4AAE-98A2-9AEBE2D9BD81}.Debug|Any CPU.Build.0 = Debug|Any CPU
		{4759C784-A826-4AAE-98A2-9AEBE2D9BD81}.Release|Any CPU.ActiveCfg = Release|Any CPU
		{4759C784-A826-4AAE-98A2-9AEBE2D9BD81}.Release|Any CPU.Build.0 = Release|Any CPU
		{0DA94C03-B897-4485-802A-A2699D041179}.Debug|Any CPU.ActiveCfg = Debug|Any CPU
		{0DA94C03-B897-4485-802A-A2699D041179}.Debug|Any CPU.Build.0 = Debug|Any CPU
		{0DA94C03-B897-4485-802A-A2699D041179}.Release|Any CPU.ActiveCfg = Release|Any CPU
		{0DA94C03-B897-4485-802A-A2699D041179}.Release|Any CPU.Build.0 = Release|Any CPU
	EndGlobalSection
	GlobalSection(SolutionProperties) = preSolution
		HideSolutionNode = FALSE
	EndGlobalSection
	GlobalSection(NestedProjects) = preSolution
		{BD60DCEC-373C-4D12-B9C5-1546EE5EF77F} = {1F3F53C5-2556-44C2-8D88-4B50D738F90A}
		{DD734573-AC32-4A57-93C5-5222865D391A} = {E2CD9D63-731B-46C9-B823-0F9E4E5CD833}
		{4759C784-A826-4AAE-98A2-9AEBE2D9BD81} = {56503022-100F-405B-B52A-34DBCD3B917D}
		{0DA94C03-B897-4485-802A-A2699D041179} = {5145D197-BBD4-48C2-B1E2-7DDC7632618A}
	EndGlobalSection
EndGlobal
